
Microsoft Visual Studio Solution File, Format Version 12.00
# Visual Studio Version 17
VisualStudioVersion = 17.0.31903.59
MinimumVisualStudioVersion = 10.0.40219.1
Project("{2150E333-8FDC-42A3-9474-1A3956D46DE8}") = "src", "src", "{827E0CD3-B72D-47B6-A68D-7590B98EB39B}"
EndProject
Project("{FAE04EC0-301F-11D3-BF4B-00C04F79EFBC}") = "Workbench.App", "src\Workbench.App\Workbench.App.csproj", "{D732140F-B835-45D3-8C52-E3AD64D65E06}"
EndProject
Project("{FAE04EC0-301F-11D3-BF4B-00C04F79EFBC}") = "Workbench.Core", "src\Workbench.Core\Workbench.Core.csproj", "{9FC26597-FA0D-4EAA-9C42-1C44E5DDC1E1}"
EndProject
Project("{FAE04EC0-301F-11D3-BF4B-00C04F79EFBC}") = "Workbench.Project", "src\Workbench.Project\Workbench.Project.csproj", "{AE11509E-105E-4072-97EB-E033528D65CB}"
EndProject
Project("{FAE04EC0-301F-11D3-BF4B-00C04F79EFBC}") = "Workbench.Storage", "src\Workbench.Storage\Workbench.Storage.csproj", "{29065F61-71DD-4FFC-9A84-D5A78358C078}"
EndProject
Project("{2150E333-8FDC-42A3-9474-1A3956D46DE8}") = "tests", "tests", "{0AB3BF05-4346-4AA6-1389-037BE0695223}"
EndProject
Project("{FAE04EC0-301F-11D3-BF4B-00C04F79EFBC}") = "Workbench.Core.Tests", "tests\Workbench.Core.Tests\Workbench.Core.Tests.csproj", "{F1A129BC-C5BD-4ED2-9BCA-DB2D15D3DEEF}"
EndProject
Project("{FAE04EC0-301F-11D3-BF4B-00C04F79EFBC}") = "Workbench.Project.Tests", "tests\Workbench.Project.Tests\Workbench.Project.Tests.csproj", "{600AA771-077E-481D-AAC8-BDEE32AD63E9}"
EndProject
Project("{FAE04EC0-301F-11D3-BF4B-00C04F79EFBC}") = "Workbench.Storage.Tests", "tests\Workbench.Storage.Tests\Workbench.Storage.Tests.csproj", "{5C0B6602-5154-437B-9F1D-BBA3EA0428C9}"
EndProject
Global
	GlobalSection(SolutionConfigurationPlatforms) = preSolution
		Debug|Any CPU = Debug|Any CPU
		Debug|x64 = Debug|x64
		Debug|x86 = Debug|x86
		Release|Any CPU = Release|Any CPU
		Release|x64 = Release|x64
		Release|x86 = Release|x86
	EndGlobalSection
	GlobalSection(ProjectConfigurationPlatforms) = postSolution
		{D732140F-B835-45D3-8C52-E3AD64D65E06}.Debug|Any CPU.ActiveCfg = Debug|Any CPU
		{D732140F-B835-45D3-8C52-E3AD64D65E06}.Debug|Any CPU.Build.0 = Debug|Any CPU
		{D732140F-B835-45D3-8C52-E3AD64D65E06}.Debug|x64.ActiveCfg = Debug|Any CPU
		{D732140F-B835-45D3-8C52-E3AD64D65E06}.Debug|x64.Build.0 = Debug|Any CPU
		{D732140F-B835-45D3-8C52-E3AD64D65E06}.Debug|x86.ActiveCfg = Debug|Any CPU
		{D732140F-B835-45D3-8C52-E3AD64D65E06}.Debug|x86.Build.0 = Debug|Any CPU
		{D732140F-B835-45D3-8C52-E3AD64D65E06}.Release|Any CPU.ActiveCfg = Release|Any CPU
		{D732140F-B835-45D3-8C52-E3AD64D65E06}.Release|Any CPU.Build.0 = Release|Any CPU
		{D732140F-B835-45D3-8C52-E3AD64D65E06}.Release|x64.ActiveCfg = Release|Any CPU
		{D732140F-B835-45D3-8C52-E3AD64D65E06}.Release|x64.Build.0 = Release|Any CPU
		{D732140F-B835-45D3-8C52-E3AD64D65E06}.Release|x86.ActiveCfg = Release|Any CPU
		{D732140F-B835-45D3-8C52-E3AD64D65E06}.Release|x86.Build.0 = Release|Any CPU
		{9FC26597-FA0D-4EAA-9C42-1C44E5DDC1E1}.Debug|Any CPU.ActiveCfg = Debug|Any CPU
		{9FC26597-FA0D-4EAA-9C42-1C44E5DDC1E1}.Debug|Any CPU.Build.0 = Debug|Any CPU
		{9FC26597-FA0D-4EAA-9C42-1C44E5DDC1E1}.Debug|x64.ActiveCfg = Debug|Any CPU
		{9FC26597-FA0D-4EAA-9C42-1C44E5DDC1E1}.Debug|x64.Build.0 = Debug|Any CPU
		{9FC26597-FA0D-4EAA-9C42-1C44E5DDC1E1}.Debug|x86.ActiveCfg = Debug|Any CPU
		{9FC26597-FA0D-4EAA-9C42-1C44E5DDC1E1}.Debug|x86.Build.0 = Debug|Any CPU
		{9FC26597-FA0D-4EAA-9C42-1C44E5DDC1E1}.Release|Any CPU.ActiveCfg = Release|Any CPU
		{9FC26597-FA0D-4EAA-9C42-1C44E5DDC1E1}.Release|Any CPU.Build.0 = Release|Any CPU
		{9FC26597-FA0D-4EAA-9C42-1C44E5DDC1E1}.Release|x64.ActiveCfg = Release|Any CPU
		{9FC26597-FA0D-4EAA-9C42-1C44E5DDC1E1}.Release|x64.Build.0 = Release|Any CPU
		{9FC26597-FA0D-4EAA-9C42-1C44E5DDC1E1}.Release|x86.ActiveCfg = Release|Any CPU
		{9FC26597-FA0D-4EAA-9C42-1C44E5DDC1E1}.Release|x86.Build.0 = Release|Any CPU
		{AE11509E-105E-4072-97EB-E033528D65CB}.Debug|Any CPU.ActiveCfg = Debug|Any CPU
		{AE11509E-105E-4072-97EB-E033528D65CB}.Debug|Any CPU.Build.0 = Debug|Any CPU
		{AE11509E-105E-4072-97EB-E033528D65CB}.Debug|x64.ActiveCfg = Debug|Any CPU
		{AE11509E-105E-4072-97EB-E033528D65CB}.Debug|x64.Build.0 = Debug|Any CPU
		{AE11509E-105E-4072-97EB-E033528D65CB}.Debug|x86.ActiveCfg = Debug|Any CPU
		{AE11509E-105E-4072-97EB-E033528D65CB}.Debug|x86.Build.0 = Debug|Any CPU
		{AE11509E-105E-4072-97EB-E033528D65CB}.Release|Any CPU.ActiveCfg = Release|Any CPU
		{AE11509E-105E-4072-97EB-E033528D65CB}.Release|Any CPU.Build.0 = Release|Any CPU
		{AE11509E-105E-4072-97EB-E033528D65CB}.Release|x64.ActiveCfg = Release|Any CPU
		{AE11509E-105E-4072-97EB-E033528D65CB}.Release|x64.Build.0 = Release|Any CPU
		{AE11509E-105E-4072-97EB-E033528D65CB}.Release|x86.ActiveCfg = Release|Any CPU
		{AE11509E-105E-4072-97EB-E033528D65CB}.Release|x86.Build.0 = Release|Any CPU
		{29065F61-71DD-4FFC-9A84-D5A78358C078}.Debug|Any CPU.ActiveCfg = Debug|Any CPU
		{29065F61-71DD-4FFC-9A84-D5A78358C078}.Debug|Any CPU.Build.0 = Debug|Any CPU
		{29065F61-71DD-4FFC-9A84-D5A78358C078}.Debug|x64.ActiveCfg = Debug|Any CPU
		{29065F61-71DD-4FFC-9A84-D5A78358C078}.Debug|x64.Build.0 = Debug|Any CPU
		{29065F61-71DD-4FFC-9A84-D5A78358C078}.Debug|x86.ActiveCfg = Debug|Any CPU
		{29065F61-71DD-4FFC-9A84-D5A78358C078}.Debug|x86.Build.0 = Debug|Any CPU
		{29065F61-71DD-4FFC-9A84-D5A78358C078}.Release|Any CPU.ActiveCfg = Release|Any CPU
		{29065F61-71DD-4FFC-9A84-D5A78358C078}.Release|Any CPU.Build.0 = Release|Any CPU
		{29065F61-71DD-4FFC-9A84-D5A78358C078}.Release|x64.ActiveCfg = Release|Any CPU
		{29065F61-71DD-4FFC-9A84-D5A78358C078}.Release|x64.Build.0 = Release|Any CPU
		{29065F61-71DD-4FFC-9A84-D5A78358C078}.Release|x86.ActiveCfg = Release|Any CPU
		{29065F61-71DD-4FFC-9A84-D5A78358C078}.Release|x86.Build.0 = Release|Any CPU
		{F1A129BC-C5BD-4ED2-9BCA-DB2D15D3DEEF}.Debug|Any CPU.ActiveCfg = Debug|Any CPU
		{F1A129BC-C5BD-4ED2-9BCA-DB2D15D3DEEF}.Debug|Any CPU.Build.0 = Debug|Any CPU
		{F1A129BC-C5BD-4ED2-9BCA-DB2D15D3DEEF}.Debug|x64.ActiveCfg = Debug|Any CPU
		{F1A129BC-C5BD-4ED2-9BCA-DB2D15D3DEEF}.Debug|x64.Build.0 = Debug|Any CPU
		{F1A129BC-C5BD-4ED2-9BCA-DB2D15D3DEEF}.Debug|x86.ActiveCfg = Debug|Any CPU
		{F1A129BC-C5BD-4ED2-9BCA-DB2D15D3DEEF}.Debug|x86.Build.0 = Debug|Any CPU
		{F1A129BC-C5BD-4ED2-9BCA-DB2D15D3DEEF}.Release|Any CPU.ActiveCfg = Release|Any CPU
		{F1A129BC-C5BD-4ED2-9BCA-DB2D15D3DEEF}.Release|Any CPU.Build.0 = Release|Any CPU
		{F1A129BC-C5BD-4ED2-9BCA-DB2D15D3DEEF}.Release|x64.ActiveCfg = Release|Any CPU
		{F1A129BC-C5BD-4ED2-9BCA-DB2D15D3DEEF}.Release|x64.Build.0 = Release|Any CPU
		{F1A129BC-C5BD-4ED2-9BCA-DB2D15D3DEEF}.Release|x86.ActiveCfg = Release|Any CPU
		{F1A129BC-C5BD-4ED2-9BCA-DB2D15D3DEEF}.Release|x86.Build.0 = Release|Any CPU
		{600AA771-077E-481D-AAC8-BDEE32AD63E9}.Debug|Any CPU.ActiveCfg = Debug|Any CPU
		{600AA771-077E-481D-AAC8-BDEE32AD63E9}.Debug|Any CPU.Build.0 = Debug|Any CPU
		{600AA771-077E-481D-AAC8-BDEE32AD63E9}.Debug|x64.ActiveCfg = Debug|Any CPU
		{600AA771-077E-481D-AAC8-BDEE32AD63E9}.Debug|x64.Build.0 = Debug|Any CPU
		{600AA771-077E-481D-AAC8-BDEE32AD63E9}.Debug|x86.ActiveCfg = Debug|Any CPU
		{600AA771-077E-481D-AAC8-BDEE32AD63E9}.Debug|x86.Build.0 = Debug|Any CPU
		{600AA771-077E-481D-AAC8-BDEE32AD63E9}.Release|Any CPU.ActiveCfg = Release|Any CPU
		{600AA771-077E-481D-AAC8-BDEE32AD63E9}.Release|Any CPU.Build.0 = Release|Any CPU
		{600AA771-077E-481D-AAC8-BDEE32AD63E9}.Release|x64.ActiveCfg = Release|Any CPU
		{600AA771-077E-481D-AAC8-BDEE32AD63E9}.Release|x64.Build.0 = Release|Any CPU
		{600AA771-077E-481D-AAC8-BDEE32AD63E9}.Release|x86.ActiveCfg = Release|Any CPU
		{600AA771-077E-481D-AAC8-BDEE32AD63E9}.Release|x86.Build.0 = Release|Any CPU
		{5C0B6602-5154-437B-9F1D-BBA3EA0428C9}.Debug|Any CPU.ActiveCfg = Debug|Any CPU
		{5C0B6602-5154-437B-9F1D-BBA3EA0428C9}.Debug|Any CPU.Build.0 = Debug|Any CPU
		{5C0B6602-5154-437B-9F1D-BBA3EA0428C9}.Debug|x64.ActiveCfg = Debug|Any CPU
		{5C0B6602-5154-437B-9F1D-BBA3EA0428C9}.Debug|x64.Build.0 = Debug|Any CPU
		{5C0B6602-5154-437B-9F1D-BBA3EA0428C9}.Debug|x86.ActiveCfg = Debug|Any CPU
		{5C0B6602-5154-437B-9F1D-BBA3EA0428C9}.Debug|x86.Build.0 = Debug|Any CPU
		{5C0B6602-5154-437B-9F1D-BBA3EA0428C9}.Release|Any CPU.ActiveCfg = Release|Any CPU
		{5C0B6602-5154-437B-9F1D-BBA3EA0428C9}.Release|Any CPU.Build.0 = Release|Any CPU
		{5C0B6602-5154-437B-9F1D-BBA3EA0428C9}.Release|x64.ActiveCfg = Release|Any CPU
		{5C0B6602-5154-437B-9F1D-BBA3EA0428C9}.Release|x64.Build.0 = Release|Any CPU
		{5C0B6602-5154-437B-9F1D-BBA3EA0428C9}.Release|x86.ActiveCfg = Release|Any CPU
		{5C0B6602-5154-437B-9F1D-BBA3EA0428C9}.Release|x86.Build.0 = Release|Any CPU
	EndGlobalSection
	GlobalSection(SolutionProperties) = preSolution
		HideSolutionNode = FALSE
	EndGlobalSection
	GlobalSection(NestedProjects) = preSolution
		{D732140F-B835-45D3-8C52-E3AD64D65E06} = {827E0CD3-B72D-47B6-A68D-7590B98EB39B}
		{9FC26597-FA0D-4EAA-9C42-1C44E5DDC1E1} = {827E0CD3-B72D-47B6-A68D-7590B98EB39B}
		{AE11509E-105E-4072-97EB-E033528D65CB} = {827E0CD3-B72D-47B6-A68D-7590B98EB39B}
		{29065F61-71DD-4FFC-9A84-D5A78358C078} = {827E0CD3-B72D-47B6-A68D-7590B98EB39B}
		{F1A129BC-C5BD-4ED2-9BCA-DB2D15D3DEEF} = {0AB3BF05-4346-4AA6-1389-037BE0695223}
		{600AA771-077E-481D-AAC8-BDEE32AD63E9} = {0AB3BF05-4346-4AA6-1389-037BE0695223}
		{5C0B6602-5154-437B-9F1D-BBA3EA0428C9} = {0AB3BF05-4346-4AA6-1389-037BE0695223}
	EndGlobalSection
EndGlobal
